// !$*UTF8*$!
{
	archiveVersion = 1;
	classes = {
	};
	objectVersion = 77;
	objects = {

/* Begin PBXBuildFile section */
		0DB0199927F2DEA9CA34B379 /* UniversalBinaryScanner.swift in Sources */ = {isa = PBXBuildFile; fileRef = 968B2D3F995B07E73257A651 /* UniversalBinaryScanner.swift */; };
		0DC98A7829BBBA594977E172 /* MenuBarPopoverView.swift in Sources */ = {isa = PBXBuildFile; fileRef = 94C5A283DB22F6742200DD0B /* MenuBarPopoverView.swift */; };
		1035624F0B26CCFD3A4A83E4 /* Locations.swift in Sources */ = {isa = PBXBuildFile; fileRef = 561E60F714EE2FCE7B674D38 /* Locations.swift */; };
		10C4FEA46E1F6801E8018EB9 /* byMakerCleanerApp.swift in Sources */ = {isa = PBXBuildFile; fileRef = FD4D9F2880F83BF4B3A03E13 /* byMakerCleanerApp.swift */; };
		28B8C2D479AF65FCCD4A05B8 /* AppPathFinder.swift in Sources */ = {isa = PBXBuildFile; fileRef = DC59DCA95C63225FE4910B18 /* AppPathFinder.swift */; };
		40AC0FD5EC6B61B99C5EE710 /* SystemMetricsService.swift in Sources */ = {isa = PBXBuildFile; fileRef = C3F9C7300691502232E58694 /* SystemMetricsService.swift */; };
		4BD97B2E84A71AD38F349100 /* ProviderPaths.swift in Sources */ = {isa = PBXBuildFile; fileRef = 8B1149DEDA96FDE78A8FD599 /* ProviderPaths.swift */; };
		56AEE902334C77774F639141 /* CleanerView.swift in Sources */ = {isa = PBXBuildFile; fileRef = 746B4DC80823540CF41734D7 /* CleanerView.swift */; };
		574D0D6A505673DCAF56BB55 /* byMakerCleanerHelperApp.swift in Sources */ = {isa = PBXBuildFile; fileRef = 847957EF189F4B480259ABDB /* byMakerCleanerHelperApp.swift */; };
		6190259A4343DD0DC7C9216F /* ContentView.swift in Sources */ = {isa = PBXBuildFile; fileRef = D290700C62C70EBBCFB9DC59 /* ContentView.swift */; };
		6998A6976D3D7938B9D0C4B3 /* CleanerModels.swift in Sources */ = {isa = PBXBuildFile; fileRef = 43F9C7C68660B079B7197D19 /* CleanerModels.swift */; };
		6CAF5955EFF2AF277EF1DA24 /* StringNormalization.swift in Sources */ = {isa = PBXBuildFile; fileRef = 9B1CEE593A9DFD30C1830172 /* StringNormalization.swift */; };
		776BDFBA90249AF04C82EB3C /* AppInfoFetcher.swift in Sources */ = {isa = PBXBuildFile; fileRef = 88C226FEFCE99C03CCB1F11B /* AppInfoFetcher.swift */; };
		7D500DE77C48796072CAB5E0 /* OrphanSafetyPolicy.swift in Sources */ = {isa = PBXBuildFile; fileRef = 0FD75389D2CC6AEB51B454D8 /* OrphanSafetyPolicy.swift */; };
		88C280A0298ECB96AE52A22D /* FileSize.swift in Sources */ = {isa = PBXBuildFile; fileRef = 45B881305B88A488E5C5A2BD /* FileSize.swift */; };
		8D898BEE397559FC6DC8BAFA /* LanguageFilesScanner.swift in Sources */ = {isa = PBXBuildFile; fileRef = D6453ED353ECFEDA36A7FDE3 /* LanguageFilesScanner.swift */; };
		9427B1E415F158005FEA5766 /* Logger.swift in Sources */ = {isa = PBXBuildFile; fileRef = ABE3BE863A3E6DABA3327555 /* Logger.swift */; };
		B13AF9D3227AE3463706BF8F /* AppListView.swift in Sources */ = {isa = PBXBuildFile; fileRef = E28D63B6C329EF4839B2D152 /* AppListView.swift */; };
		CAF9FD047FF88EFA64682D84 /* AppDetailView.swift in Sources */ = {isa = PBXBuildFile; fileRef = 9F5E1CAA46FD6DB9AF2C7B81 /* AppDetailView.swift */; };
		DEA6C88C20970F9C4A329503 /* SystemScanEngine.swift in Sources */ = {isa = PBXBuildFile; fileRef = D10C83544B8304336EC230C1 /* SystemScanEngine.swift */; };
		E59EE8628B637BE2E1CE94D3 /* AppState.swift in Sources */ = {isa = PBXBuildFile; fileRef = C5F14558FEC52F440653537B /* AppState.swift */; };
		E6441128A6A14BC74D2FD516 /* Conditions.swift in Sources */ = {isa = PBXBuildFile; fileRef = 62ED085F07A23A0217262ACE /* Conditions.swift */; };
		EB47E7A6AABFAFAFD90DB451 /* CategoryRowView.swift in Sources */ = {isa = PBXBuildFile; fileRef = C4C0146E043DB3BA2A5CCCC3 /* CategoryRowView.swift */; };
		FDA88668D135FCC31C89B03E /* FileProtection.swift in Sources */ = {isa = PBXBuildFile; fileRef = 45D602BB7C31BFFF4AE65A88 /* FileProtection.swift */; };
/* End PBXBuildFile section */

/* Begin PBXFileReference section */
		0FD75389D2CC6AEB51B454D8 /* OrphanSafetyPolicy.swift */ = {isa = PBXFileReference; lastKnownFileType = sourcecode.swift; path = OrphanSafetyPolicy.swift; sourceTree = "<group>"; };
		43F9C7C68660B079B7197D19 /* CleanerModels.swift */ = {isa = PBXFileReference; lastKnownFileType = sourcecode.swift; path = CleanerModels.swift; sourceTree = "<group>"; };
		45B881305B88A488E5C5A2BD /* FileSize.swift */ = {isa = PBXFileReference; lastKnownFileType = sourcecode.swift; path = FileSize.swift; sourceTree = "<group>"; };
		45D602BB7C31BFFF4AE65A88 /* FileProtection.swift */ = {isa = PBXFileReference; lastKnownFileType = sourcecode.swift; path = FileProtection.swift; sourceTree = "<group>"; };
		561E60F714EE2FCE7B674D38 /* Locations.swift */ = {isa = PBXFileReference; lastKnownFileType = sourcecode.swift; path = Locations.swift; sourceTree = "<group>"; };
		62ED085F07A23A0217262ACE /* Conditions.swift */ = {isa = PBXFileReference; lastKnownFileType = sourcecode.swift; path = Conditions.swift; sourceTree = "<group>"; };
		6626D09CCAE7A8F08430D909 /* Info.plist */ = {isa = PBXFileReference; lastKnownFileType = text.plist; path = Info.plist; sourceTree = "<group>"; };
		746B4DC80823540CF41734D7 /* CleanerView.swift */ = {isa = PBXFileReference; lastKnownFileType = sourcecode.swift; path = CleanerView.swift; sourceTree = "<group>"; };
		847957EF189F4B480259ABDB /* byMakerCleanerHelperApp.swift */ = {isa = PBXFileReference; lastKnownFileType = sourcecode.swift; path = byMakerCleanerHelperApp.swift; sourceTree = "<group>"; };
		88C226FEFCE99C03CCB1F11B /* AppInfoFetcher.swift */ = {isa = PBXFileReference; lastKnownFileType = sourcecode.swift; path = AppInfoFetcher.swift; sourceTree = "<group>"; };
		8B1149DEDA96FDE78A8FD599 /* ProviderPaths.swift */ = {isa = PBXFileReference; lastKnownFileType = sourcecode.swift; path = ProviderPaths.swift; sourceTree = "<group>"; };
		8BBBACCC33DA5F2DD1B8E572 /* byMakerCleaner.app */ = {isa = PBXFileReference; explicitFileType = wrapper.application; includeInIndex = 0; path = byMakerCleaner.app; sourceTree = BUILT_PRODUCTS_DIR; };
		94C5A283DB22F6742200DD0B /* MenuBarPopoverView.swift */ = {isa = PBXFileReference; lastKnownFileType = sourcecode.swift; path = MenuBarPopoverView.swift; sourceTree = "<group>"; };
		968B2D3F995B07E73257A651 /* UniversalBinaryScanner.swift */ = {isa = PBXFileReference; lastKnownFileType = sourcecode.swift; path = UniversalBinaryScanner.swift; sourceTree = "<group>"; };
		9B1CEE593A9DFD30C1830172 /* StringNormalization.swift */ = {isa = PBXFileReference; lastKnownFileType = sourcecode.swift; path = StringNormalization.swift; sourceTree = "<group>"; };
		9F5E1CAA46FD6DB9AF2C7B81 /* AppDetailView.swift */ = {isa = PBXFileReference; lastKnownFileType = sourcecode.swift; path = AppDetailView.swift; sourceTree = "<group>"; };
		ABE3BE863A3E6DABA3327555 /* Logger.swift */ = {isa = PBXFileReference; lastKnownFileType = sourcecode.swift; path = Logger.swift; sourceTree = "<group>"; };
		C3F9C7300691502232E58694 /* SystemMetricsService.swift */ = {isa = PBXFileReference; lastKnownFileType = sourcecode.swift; path = SystemMetricsService.swift; sourceTree = "<group>"; };
		C4C0146E043DB3BA2A5CCCC3 /* CategoryRowView.swift */ = {isa = PBXFileReference; lastKnownFileType = sourcecode.swift; path = CategoryRowView.swift; sourceTree = "<group>"; };
		C5F14558FEC52F440653537B /* AppState.swift */ = {isa = PBXFileReference; lastKnownFileType = sourcecode.swift; path = AppState.swift; sourceTree = "<group>"; };
		CE2A10A506512F7DF8A116F5 /* byMakerCleanerHelper.app */ = {isa = PBXFileReference; explicitFileType = wrapper.application; includeInIndex = 0; path = byMakerCleanerHelper.app; sourceTree = BUILT_PRODUCTS_DIR; };
		D10C83544B8304336EC230C1 /* SystemScanEngine.swift */ = {isa = PBXFileReference; lastKnownFileType = sourcecode.swift; path = SystemScanEngine.swift; sourceTree = "<group>"; };
		D290700C62C70EBBCFB9DC59 /* ContentView.swift */ = {isa = PBXFileReference; lastKnownFileType = sourcecode.swift; path = ContentView.swift; sourceTree = "<group>"; };
		D6453ED353ECFEDA36A7FDE3 /* LanguageFilesScanner.swift */ = {isa = PBXFileReference; lastKnownFileType = sourcecode.swift; path = LanguageFilesScanner.swift; sourceTree = "<group>"; };
		DC59DCA95C63225FE4910B18 /* AppPathFinder.swift */ = {isa = PBXFileReference; lastKnownFileType = sourcecode.swift; path = AppPathFinder.swift; sourceTree = "<group>"; };
		DC7538BD8616FA99056CAD3B /* Info.plist */ = {isa = PBXFileReference; lastKnownFileType = text.plist; path = Info.plist; sourceTree = "<group>"; };
		E28D63B6C329EF4839B2D152 /* AppListView.swift */ = {isa = PBXFileReference; lastKnownFileType = sourcecode.swift; path = AppListView.swift; sourceTree = "<group>"; };
		FD4D9F2880F83BF4B3A03E13 /* byMakerCleanerApp.swift */ = {isa = PBXFileReference; lastKnownFileType = sourcecode.swift; path = byMakerCleanerApp.swift; sourceTree = "<group>"; };
/* End PBXFileReference section */

/* Begin PBXGroup section */
		1E826EE0CE36FE15F58F88C2 /* Products */ = {
			isa = PBXGroup;
			children = (
				8BBBACCC33DA5F2DD1B8E572 /* byMakerCleaner.app */,
				CE2A10A506512F7DF8A116F5 /* byMakerCleanerHelper.app */,
			);
			name = Products;
			sourceTree = "<group>";
		};
		24B10BEE8C3DBAC4E35D5AE3 /* byMakerCleaner */ = {
			isa = PBXGroup;
			children = (
				FD4D9F2880F83BF4B3A03E13 /* byMakerCleanerApp.swift */,
				DC7538BD8616FA99056CAD3B /* Info.plist */,
				8CCECE4B0F338C44A5D52320 /* Logic */,
				F9DCFE4D66BB757664F16D92 /* Models */,
				283F62916C7A3967F93E79D6 /* ViewModels */,
				D30DB3E1E65D8A6536A64010 /* Views */,
			);
			path = byMakerCleaner;
			sourceTree = "<group>";
		};
		283F62916C7A3967F93E79D6 /* ViewModels */ = {
			isa = PBXGroup;
			children = (
				C5F14558FEC52F440653537B /* AppState.swift */,
			);
			path = ViewModels;
			sourceTree = "<group>";
		};
		47DE4967DD1FBC6369E6C90F /* Views */ = {
			isa = PBXGroup;
			children = (
				94C5A283DB22F6742200DD0B /* MenuBarPopoverView.swift */,
			);
			path = Views;
			sourceTree = "<group>";
		};
		8CCECE4B0F338C44A5D52320 /* Logic */ = {
			isa = PBXGroup;
			children = (
				A33E2F0EC39EC60E060D8073 /* Scanning */,
				F0B4DEF4A5D764D73F894F85 /* Utilities */,
			);
			path = Logic;
			sourceTree = "<group>";
		};
		9A303945118C6227C10CEE9D = {
			isa = PBXGroup;
			children = (
				24B10BEE8C3DBAC4E35D5AE3 /* byMakerCleaner */,
				E268E49474CA7E33C5F4C0C4 /* byMakerCleanerHelper */,
				1E826EE0CE36FE15F58F88C2 /* Products */,
			);
			sourceTree = "<group>";
		};
		A33E2F0EC39EC60E060D8073 /* Scanning */ = {
			isa = PBXGroup;
			children = (
				88C226FEFCE99C03CCB1F11B /* AppInfoFetcher.swift */,
				DC59DCA95C63225FE4910B18 /* AppPathFinder.swift */,
				62ED085F07A23A0217262ACE /* Conditions.swift */,
				D6453ED353ECFEDA36A7FDE3 /* LanguageFilesScanner.swift */,
				561E60F714EE2FCE7B674D38 /* Locations.swift */,
				9B1CEE593A9DFD30C1830172 /* StringNormalization.swift */,
				D10C83544B8304336EC230C1 /* SystemScanEngine.swift */,
				968B2D3F995B07E73257A651 /* UniversalBinaryScanner.swift */,
			);
			path = Scanning;
			sourceTree = "<group>";
		};
		D30DB3E1E65D8A6536A64010 /* Views */ = {
			isa = PBXGroup;
			children = (
				9F5E1CAA46FD6DB9AF2C7B81 /* AppDetailView.swift */,
				E28D63B6C329EF4839B2D152 /* AppListView.swift */,
				C4C0146E043DB3BA2A5CCCC3 /* CategoryRowView.swift */,
				746B4DC80823540CF41734D7 /* CleanerView.swift */,
				D290700C62C70EBBCFB9DC59 /* ContentView.swift */,
			);
			path = Views;
			sourceTree = "<group>";
		};
		E268E49474CA7E33C5F4C0C4 /* byMakerCleanerHelper */ = {
			isa = PBXGroup;
			children = (
				847957EF189F4B480259ABDB /* byMakerCleanerHelperApp.swift */,
				6626D09CCAE7A8F08430D909 /* Info.plist */,
				F3CED59E17AA8A385AEA5B66 /* Services */,
				47DE4967DD1FBC6369E6C90F /* Views */,
			);
			path = byMakerCleanerHelper;
			sourceTree = "<group>";
		};
		F0B4DEF4A5D764D73F894F85 /* Utilities */ = {
			isa = PBXGroup;
			children = (
				45D602BB7C31BFFF4AE65A88 /* FileProtection.swift */,
				45B881305B88A488E5C5A2BD /* FileSize.swift */,
				ABE3BE863A3E6DABA3327555 /* Logger.swift */,
				0FD75389D2CC6AEB51B454D8 /* OrphanSafetyPolicy.swift */,
				8B1149DEDA96FDE78A8FD599 /* ProviderPaths.swift */,
			);
			path = Utilities;
			sourceTree = "<group>";
		};
		F3CED59E17AA8A385AEA5B66 /* Services */ = {
			isa = PBXGroup;
			children = (
				C3F9C7300691502232E58694 /* SystemMetricsService.swift */,
			);
			path = Services;
			sourceTree = "<group>";
		};
		F9DCFE4D66BB757664F16D92 /* Models */ = {
			isa = PBXGroup;
			children = (
				43F9C7C68660B079B7197D19 /* CleanerModels.swift */,
			);
			path = Models;
			sourceTree = "<group>";
		};
/* End PBXGroup section */

/* Begin PBXNativeTarget section */
		5CD71D8B7431B2BD961D4943 /* byMakerCleanerHelper */ = {
			isa = PBXNativeTarget;
			buildConfigurationList = C8C113BB5D5DEC73EA1E364F /* Build configuration list for PBXNativeTarget "byMakerCleanerHelper" */;
			buildPhases = (
				3586ECD4111DC501DAC9870B /* Sources */,
			);
			buildRules = (
			);
			dependencies = (
			);
			name = byMakerCleanerHelper;
			packageProductDependencies = (
			);
			productName = byMakerCleanerHelper;
			productReference = CE2A10A506512F7DF8A116F5 /* byMakerCleanerHelper.app */;
			productType = "com.apple.product-type.application";
		};
		95D0E15D3A88E574069CE6E1 /* byMakerCleaner */ = {
			isa = PBXNativeTarget;
			buildConfigurationList = 5B329BEE5C21AD944DF64C29 /* Build configuration list for PBXNativeTarget "byMakerCleaner" */;
			buildPhases = (
				83D4C0EC3E1DF47149B0C678 /* Sources */,
			);
			buildRules = (
			);
			dependencies = (
			);
			name = byMakerCleaner;
			packageProductDependencies = (
			);
			productName = byMakerCleaner;
			productReference = 8BBBACCC33DA5F2DD1B8E572 /* byMakerCleaner.app */;
			productType = "com.apple.product-type.application";
		};
/* End PBXNativeTarget section */

/* Begin PBXProject section */
		6BB92938DF5BAA76EF628AA6 /* Project object */ = {
			isa = PBXProject;
			attributes = {
				BuildIndependentTargetsInParallel = YES;
				LastUpgradeCheck = 1430;
				TargetAttributes = {
					5CD71D8B7431B2BD961D4943 = {
						DevelopmentTeam = "";
						ProvisioningStyle = Automatic;
					};
					95D0E15D3A88E574069CE6E1 = {
						DevelopmentTeam = "";
						ProvisioningStyle = Automatic;
					};
				};
			};
			buildConfigurationList = BDE6CC0FC4D37422A6D6F6A7 /* Build configuration list for PBXProject "byMakerCleaner" */;
			developmentRegion = en;
			hasScannedForEncodings = 0;
			knownRegions = (
				Base,
				en,
			);
			mainGroup = 9A303945118C6227C10CEE9D;
			minimizedProjectReferenceProxies = 1;
			preferredProjectObjectVersion = 77;
			productRefGroup = 1E826EE0CE36FE15F58F88C2 /* Products */;
			projectDirPath = "";
			projectRoot = "";
			targets = (
				95D0E15D3A88E574069CE6E1 /* byMakerCleaner */,
				5CD71D8B7431B2BD961D4943 /* byMakerCleanerHelper */,
			);
		};
/* End PBXProject section */

/* Begin PBXSourcesBuildPhase section */
		3586ECD4111DC501DAC9870B /* Sources */ = {
			isa = PBXSourcesBuildPhase;
			buildActionMask = 2147483647;
			files = (
				0DC98A7829BBBA594977E172 /* MenuBarPopoverView.swift in Sources */,
				40AC0FD5EC6B61B99C5EE710 /* SystemMetricsService.swift in Sources */,
				574D0D6A505673DCAF56BB55 /* byMakerCleanerHelperApp.swift in Sources */,
			);
			runOnlyForDeploymentPostprocessing = 0;
		};
		83D4C0EC3E1DF47149B0C678 /* Sources */ = {
			isa = PBXSourcesBuildPhase;
			buildActionMask = 2147483647;
			files = (
				CAF9FD047FF88EFA64682D84 /* AppDetailView.swift in Sources */,
				776BDFBA90249AF04C82EB3C /* AppInfoFetcher.swift in Sources */,
				B13AF9D3227AE3463706BF8F /* AppListView.swift in Sources */,
				28B8C2D479AF65FCCD4A05B8 /* AppPathFinder.swift in Sources */,
				E59EE8628B637BE2E1CE94D3 /* AppState.swift in Sources */,
				EB47E7A6AABFAFAFD90DB451 /* CategoryRowView.swift in Sources */,
				6998A6976D3D7938B9D0C4B3 /* CleanerModels.swift in Sources */,
				56AEE902334C77774F639141 /* CleanerView.swift in Sources */,
				E6441128A6A14BC74D2FD516 /* Conditions.swift in Sources */,
				6190259A4343DD0DC7C9216F /* ContentView.swift in Sources */,
				FDA88668D135FCC31C89B03E /* FileProtection.swift in Sources */,
				88C280A0298ECB96AE52A22D /* FileSize.swift in Sources */,
				8D898BEE397559FC6DC8BAFA /* LanguageFilesScanner.swift in Sources */,
				1035624F0B26CCFD3A4A83E4 /* Locations.swift in Sources */,
				9427B1E415F158005FEA5766 /* Logger.swift in Sources */,
				7D500DE77C48796072CAB5E0 /* OrphanSafetyPolicy.swift in Sources */,
				4BD97B2E84A71AD38F349100 /* ProviderPaths.swift in Sources */,
				6CAF5955EFF2AF277EF1DA24 /* StringNormalization.swift in Sources */,
				DEA6C88C20970F9C4A329503 /* SystemScanEngine.swift in Sources */,
				0DB0199927F2DEA9CA34B379 /* UniversalBinaryScanner.swift in Sources */,
				10C4FEA46E1F6801E8018EB9 /* byMakerCleanerApp.swift in Sources */,
			);
			runOnlyForDeploymentPostprocessing = 0;
		};
/* End PBXSourcesBuildPhase section */

/* Begin XCBuildConfiguration section */
		0049691ADEEBFA6411E5758E /* Debug */ = {
			isa = XCBuildConfiguration;
			buildSettings = {
				ASSETCATALOG_COMPILER_APPICON_NAME = AppIcon;
				CODE_SIGN_STYLE = Automatic;
				COMBINE_HIDPI_IMAGES = YES;
				CURRENT_PROJECT_VERSION = 1;
				DEVELOPMENT_TEAM = "";
				GENERATE_INFOPLIST_FILE = YES;
				INFOPLIST_FILE = byMakerCleaner/Info.plist;
				LD_RUNPATH_SEARCH_PATHS = (
					"$(inherited)",
					"@executable_path/../Frameworks",
				);
				MACOSX_DEPLOYMENT_TARGET = 13.0;
				MARKETING_VERSION = 1.0.0;
				PRODUCT_BUNDLE_IDENTIFIER = com.bymaker.byMakerCleaner;
				SDKROOT = macosx;
				SWIFT_VERSION = 5.0;
			};
			name = Debug;
		};
		307AA0554067FE3DA7DC38B2 /* Release */ = {
			isa = XCBuildConfiguration;
			buildSettings = {
				ASSETCATALOG_COMPILER_APPICON_NAME = AppIcon;
				CODE_SIGN_STYLE = Automatic;
				COMBINE_HIDPI_IMAGES = YES;
				CURRENT_PROJECT_VERSION = 1;
				DEVELOPMENT_TEAM = "";
				GENERATE_INFOPLIST_FILE = YES;
				INFOPLIST_FILE = byMakerCleanerHelper/Info.plist;
				LD_RUNPATH_SEARCH_PATHS = (
					"$(inherited)",
					"@executable_path/../Frameworks",
				);
				MACOSX_DEPLOYMENT_TARGET = 13.0;
				MARKETING_VERSION = 1.0.0;
				PRODUCT_BUNDLE_IDENTIFIER = com.bymaker.byMakerCleaner.helper;
				SDKROOT = macosx;
				SWIFT_VERSION = 5.0;
			};
			name = Release;
		};
		6432EC39EDFCBA1FF0935646 /* Release */ = {
			isa = XCBuildConfiguration;
			buildSettings = {
				ASSETCATALOG_COMPILER_APPICON_NAME = AppIcon;
				CODE_SIGN_STYLE = Automatic;
				COMBINE_HIDPI_IMAGES = YES;
				CURRENT_PROJECT_VERSION = 1;
				DEVELOPMENT_TEAM = "";
				GENERATE_INFOPLIST_FILE = YES;
				INFOPLIST_FILE = byMakerCleaner/Info.plist;
				LD_RUNPATH_SEARCH_PATHS = (
					"$(inherited)",
					"@executable_path/../Frameworks",
				);
				MACOSX_DEPLOYMENT_TARGET = 13.0;
				MARKETING_VERSION = 1.0.0;
				PRODUCT_BUNDLE_IDENTIFIER = com.bymaker.byMakerCleaner;
				SDKROOT = macosx;
				SWIFT_VERSION = 5.0;
			};
			name = Release;
		};
		6A04AA653FADD3310D5A2314 /* Release */ = {
			isa = XCBuildConfiguration;
			buildSettings = {
				ALWAYS_SEARCH_USER_PATHS = NO;
				CLANG_ANALYZER_NONNULL = YES;
				CLANG_ANALYZER_NUMBER_OBJECT_CONVERSION = YES_AGGRESSIVE;
				CLANG_CXX_LANGUAGE_STANDARD = "gnu++14";
				CLANG_CXX_LIBRARY = "libc++";
				CLANG_ENABLE_MODULES = YES;
				CLANG_ENABLE_OBJC_ARC = YES;
				CLANG_ENABLE_OBJC_WEAK = YES;
				CLANG_WARN_BLOCK_CAPTURE_AUTORELEASING = YES;
				CLANG_WARN_BOOL_CONVERSION = YES;
				CLANG_WARN_COMMA = YES;
				CLANG_WARN_CONSTANT_CONVERSION = YES;
				CLANG_WARN_DEPRECATED_OBJC_IMPLEMENTATIONS = YES;
				CLANG_WARN_DIRECT_OBJC_ISA_USAGE = YES_ERROR;
				CLANG_WARN_DOCUMENTATION_COMMENTS = YES;
				CLANG_WARN_EMPTY_BODY = YES;
				CLANG_WARN_ENUM_CONVERSION = YES;
				CLANG_WARN_INFINITE_RECURSION = YES;
				CLANG_WARN_INT_CONVERSION = YES;
				CLANG_WARN_NON_LITERAL_NULL_CONVERSION = YES;
				CLANG_WARN_OBJC_IMPLICIT_RETAIN_SELF = YES;
				CLANG_WARN_OBJC_LITERAL_CONVERSION = YES;
				CLANG_WARN_OBJC_ROOT_CLASS = YES_ERROR;
				CLANG_WARN_QUOTED_INCLUDE_IN_FRAMEWORK_HEADER = YES;
				CLANG_WARN_RANGE_LOOP_ANALYSIS = YES;
				CLANG_WARN_STRICT_PROTOTYPES = YES;
				CLANG_WARN_SUSPICIOUS_MOVE = YES;
				CLANG_WARN_UNGUARDED_AVAILABILITY = YES_AGGRESSIVE;
				CLANG_WARN_UNREACHABLE_CODE = YES;
				CLANG_WARN__DUPLICATE_METHOD_MATCH = YES;
				COPY_PHASE_STRIP = NO;
				DEBUG_INFORMATION_FORMAT = "dwarf-with-dsym";
				ENABLE_NS_ASSERTIONS = NO;
				ENABLE_STRICT_OBJC_MSGSEND = YES;
				GCC_C_LANGUAGE_STANDARD = gnu11;
				GCC_NO_COMMON_BLOCKS = YES;
				GCC_WARN_64_TO_32_BIT_CONVERSION = YES;
				GCC_WARN_ABOUT_RETURN_TYPE = YES_ERROR;
				GCC_WARN_UNDECLARED_SELECTOR = YES;
				GCC_WARN_UNINITIALIZED_AUTOS = YES_AGGRESSIVE;
				GCC_WARN_UNUSED_FUNCTION = YES;
				GCC_WARN_UNUSED_VARIABLE = YES;
				MTL_ENABLE_DEBUG_INFO = NO;
				MTL_FAST_MATH = YES;
				PRODUCT_NAME = "$(TARGET_NAME)";
				SDKROOT = macosx;
				SWIFT_COMPILATION_MODE = wholemodule;
				SWIFT_OPTIMIZATION_LEVEL = "-O";
				SWIFT_VERSION = 5.0;
			};
			name = Release;
		};
		974151737A801AA3728DEEA9 /* Debug */ = {
			isa = XCBuildConfiguration;
			buildSettings = {
				ASSETCATALOG_COMPILER_APPICON_NAME = AppIcon;
				CODE_SIGN_STYLE = Automatic;
				COMBINE_HIDPI_IMAGES = YES;
				CURRENT_PROJECT_VERSION = 1;
				DEVELOPMENT_TEAM = "";
				GENERATE_INFOPLIST_FILE = YES;
				INFOPLIST_FILE = byMakerCleanerHelper/Info.plist;
				LD_RUNPATH_SEARCH_PATHS = (
					"$(inherited)",
					"@executable_path/../Frameworks",
				);
				MACOSX_DEPLOYMENT_TARGET = 13.0;
				MARKETING_VERSION = 1.0.0;
				PRODUCT_BUNDLE_IDENTIFIER = com.bymaker.byMakerCleaner.helper;
				SDKROOT = macosx;
				SWIFT_VERSION = 5.0;
			};
			name = Debug;
		};
		9864E77CE4B4F437EF334445 /* Debug */ = {
			isa = XCBuildConfiguration;
			buildSettings = {
				ALWAYS_SEARCH_USER_PATHS = NO;
				CLANG_ANALYZER_NONNULL = YES;
				CLANG_ANALYZER_NUMBER_OBJECT_CONVERSION = YES_AGGRESSIVE;
				CLANG_CXX_LANGUAGE_STANDARD = "gnu++14";
				CLANG_CXX_LIBRARY = "libc++";
				CLANG_ENABLE_MODULES = YES;
				CLANG_ENABLE_OBJC_ARC = YES;
				CLANG_ENABLE_OBJC_WEAK = YES;
				CLANG_WARN_BLOCK_CAPTURE_AUTORELEASING = YES;
				CLANG_WARN_BOOL_CONVERSION = YES;
				CLANG_WARN_COMMA = YES;
				CLANG_WARN_CONSTANT_CONVERSION = YES;
				CLANG_WARN_DEPRECATED_OBJC_IMPLEMENTATIONS = YES;
				CLANG_WARN_DIRECT_OBJC_ISA_USAGE = YES_ERROR;
				CLANG_WARN_DOCUMENTATION_COMMENTS = YES;
				CLANG_WARN_EMPTY_BODY = YES;
				CLANG_WARN_ENUM_CONVERSION = YES;
				CLANG_WARN_INFINITE_RECURSION = YES;
				CLANG_WARN_INT_CONVERSION = YES;
				CLANG_WARN_NON_LITERAL_NULL_CONVERSION = YES;
				CLANG_WARN_OBJC_IMPLICIT_RETAIN_SELF = YES;
				CLANG_WARN_OBJC_LITERAL_CONVERSION = YES;
				CLANG_WARN_OBJC_ROOT_CLASS = YES_ERROR;
				CLANG_WARN_QUOTED_INCLUDE_IN_FRAMEWORK_HEADER = YES;
				CLANG_WARN_RANGE_LOOP_ANALYSIS = YES;
				CLANG_WARN_STRICT_PROTOTYPES = YES;
				CLANG_WARN_SUSPICIOUS_MOVE = YES;
				CLANG_WARN_UNGUARDED_AVAILABILITY = YES_AGGRESSIVE;
				CLANG_WARN_UNREACHABLE_CODE = YES;
				CLANG_WARN__DUPLICATE_METHOD_MATCH = YES;
				COPY_PHASE_STRIP = NO;
				DEBUG_INFORMATION_FORMAT = dwarf;
				ENABLE_STRICT_OBJC_MSGSEND = YES;
				ENABLE_TESTABILITY = YES;
				GCC_C_LANGUAGE_STANDARD = gnu11;
				GCC_DYNAMIC_NO_PIC = NO;
				GCC_NO_COMMON_BLOCKS = YES;
				GCC_OPTIMIZATION_LEVEL = 0;
				GCC_PREPROCESSOR_DEFINITIONS = (
					"$(inherited)",
					"DEBUG=1",
				);
				GCC_WARN_64_TO_32_BIT_CONVERSION = YES;
				GCC_WARN_ABOUT_RETURN_TYPE = YES_ERROR;
				GCC_WARN_UNDECLARED_SELECTOR = YES;
				GCC_WARN_UNINITIALIZED_AUTOS = YES_AGGRESSIVE;
				GCC_WARN_UNUSED_FUNCTION = YES;
				GCC_WARN_UNUSED_VARIABLE = YES;
				MTL_ENABLE_DEBUG_INFO = INCLUDE_SOURCE;
				MTL_FAST_MATH = YES;
				ONLY_ACTIVE_ARCH = YES;
				PRODUCT_NAME = "$(TARGET_NAME)";
				SDKROOT = macosx;
				SWIFT_ACTIVE_COMPILATION_CONDITIONS = DEBUG;
				SWIFT_OPTIMIZATION_LEVEL = "-Onone";
				SWIFT_VERSION = 5.0;
			};
			name = Debug;
		};
/* End XCBuildConfiguration section */

/* Begin XCConfigurationList section */
		5B329BEE5C21AD944DF64C29 /* Build configuration list for PBXNativeTarget "byMakerCleaner" */ = {
			isa = XCConfigurationList;
			buildConfigurations = (
				0049691ADEEBFA6411E5758E /* Debug */,
				6432EC39EDFCBA1FF0935646 /* Release */,
			);
			defaultConfigurationIsVisible = 0;
			defaultConfigurationName = Debug;
		};
		BDE6CC0FC4D37422A6D6F6A7 /* Build configuration list for PBXProject "byMakerCleaner" */ = {
			isa = XCConfigurationList;
			buildConfigurations = (
				9864E77CE4B4F437EF334445 /* Debug */,
				6A04AA653FADD3310D5A2314 /* Release */,
			);
			defaultConfigurationIsVisible = 0;
			defaultConfigurationName = Debug;
		};
		C8C113BB5D5DEC73EA1E364F /* Build configuration list for PBXNativeTarget "byMakerCleanerHelper" */ = {
			isa = XCConfigurationList;
			buildConfigurations = (
				974151737A801AA3728DEEA9 /* Debug */,
				307AA0554067FE3DA7DC38B2 /* Release */,
			);
			defaultConfigurationIsVisible = 0;
			defaultConfigurationName = Debug;
		};
/* End XCConfigurationList section */
	};
	rootObject = 6BB92938DF5BAA76EF628AA6 /* Project object */;
}
